<?xml version="1.0" encoding="utf-8"?>
<Project ToolsVersion="4.0" xmlns="http://schemas.microsoft.com/developer/msbuild/2003">
  <ItemGroup>
    <Filter Include="Source Files">
      <UniqueIdentifier>{4FC737F1-C7A5-4376-A066-2A32D752A2FF}</UniqueIdentifier>
      <Extensions>cpp;c;cc;cxx;def;odl;idl;hpj;bat;asm;asmx</Extensions>
    </Filter>
    <Filter Include="Header Files">
      <UniqueIdentifier>{93995380-89BD-4b04-88EB-625FBE52EBFB}</UniqueIdentifier>
      <Extensions>h;hpp;hxx;hm;inl;inc;xsd</Extensions>
    </Filter>
    <Filter Include="Resource Files">
      <UniqueIdentifier>{67DA6AB6-F800-4c08-8B7A-83BB121AAD01}</UniqueIdentifier>
      <Extensions>rc;ico;cur;bmp;dlg;rc2;rct;bin;rgs;gif;jpg;jpeg;jpe;resx;tiff;tif;png;wav;mfcribbon-ms</Extensions>
    </Filter>
  </ItemGroup>
  <ItemGroup>
    <ClCompile Include="fastaFile.cpp">
      <Filter>Source Files</Filter>
    </ClCompile>
    <ClCompile Include="genbankFile.cpp">
      <Filter>Source Files</Filter>
    </ClCompile>
    <ClCompile Include="printEx.cpp">
      <Filter>Source Files</Filter>
    </ClCompile>
    <ClCompile Include="bamAlignment.cpp">
      <Filter>Source Files</Filter>
    </ClCompile>
    <ClCompile Include="libCommon.cpp">
      <Filter>Source Files</Filter>
    </ClCompile>
    <ClCompile Include="featureFile.cpp">
      <Filter>Source Files</Filter>
    </ClCompile>
    <ClCompile Include="dataVec.cpp">
      <Filter>Source Files</Filter>
    </ClCompile>
    <ClCompile Include="nelderMeadOptimiser.cpp">
      <Filter>Source Files</Filter>
    </ClCompile>
    <ClCompile Include="rand.cpp">
      <Filter>Source Files</Filter>
    </ClCompile>
    <ClCompile Include="libParser.cpp">
      <Filter>Source Files</Filter>
    </ClCompile>
    <ClCompile Include="stringEx.cpp">
      <Filter>Source Files</Filter>
    </ClCompile>
  </ItemGroup>
  <ItemGroup>
    <ClInclude Include="fastaFile.h">
      <Filter>Header Files</Filter>
    </ClInclude>
    <ClInclude Include="genbankFile.h">
      <Filter>Header Files</Filter>
    </ClInclude>
    <ClInclude Include="libCommon.h">
      <Filter>Header Files</Filter>
    </ClInclude>
    <ClInclude Include="stringEx.h">
      <Filter>Header Files</Filter>
    </ClInclude>
    <ClInclude Include="printEx.h">
      <Filter>Header Files</Filter>
    </ClInclude>
    <ClInclude Include="inQuotes.h">
      <Filter>Header Files</Filter>
    </ClInclude>
    <ClInclude Include="containerEx.h">
      <Filter>Header Files</Filter>
    </ClInclude>
    <ClInclude Include="bamAlignmentEx.h">
      <Filter>Header Files</Filter>
    </ClInclude>
    <ClInclude Include="featureFile.h">
      <Filter>Header Files</Filter>
    </ClInclude>
    <ClInclude Include="dataVec.h">
      <Filter>Header Files</Filter>
    </ClInclude>
    <ClInclude Include="nelderMeadOptimiser.h">
      <Filter>Header Files</Filter>
    </ClInclude>
    <ClInclude Include="rand.h">
      <Filter>Header Files</Filter>
    </ClInclude>
    <ClInclude Include="libParser.h">
      <Filter>Header Files</Filter>
    </ClInclude>
  </ItemGroup>
</Project>