
Microsoft Visual Studio Solution File, Format Version 12.00
# Visual Studio 14
VisualStudioVersion = 14.0.25420.1
MinimumVisualStudioVersion = 10.0.40219.1
Project("{8BC9CEB8-8B4A-11D0-8D11-00A0C91BC942}") = "LiBiNorm", "LiBiNormSrc\LiBiNorm.vcxproj", "{8687182A-2A38-4161-BF43-302D3407C512}"
	ProjectSection(ProjectDependencies) = postProject
		{4728390F-4F60-4904-B088-C8385524BB02} = {4728390F-4F60-4904-B088-C8385524BB02}
	EndProjectSection
EndProject
Project("{8BC9CEB8-8B4A-11D0-8D11-00A0C91BC942}") = "bioinformaticsLib", "..\bioinformaticsLib\bioinformaticsLib.vcxproj", "{1BB748F9-A024-405E-8286-A2D2F85953F2}"
EndProject
Project("{8BC9CEB8-8B4A-11D0-8D11-00A0C91BC942}") = "mcmcLib", "mcmcLib\mcmcLib.vcxproj", "{24FD17EE-ECC8-4ABC-8F5F-0D29D10ABA5C}"
EndProject
Project("{2150E333-8FDC-42A3-9474-1A3956D46DE8}") = "Solution Items", "Solution Items", "{A2912B81-619B-4561-B14C-3525A6247CA3}"
EndProject
Project("{8BC9CEB8-8B4A-11D0-8D11-00A0C91BC942}") = "zlib", "..\zlib\zlib.vcxproj", "{C1B5C97E-4EF4-4797-BCE6-FFB430504B84}"
EndProject
Project("{8BC9CEB8-8B4A-11D0-8D11-00A0C91BC942}") = "api", "..\bamtools\src\api.vcxproj", "{4728390F-4F60-4904-B088-C8385524BB02}"
	ProjectSection(ProjectDependencies) = postProject
		{C1B5C97E-4EF4-4797-BCE6-FFB430504B84} = {C1B5C97E-4EF4-4797-BCE6-FFB430504B84}
	EndProjectSection
EndProject
Global
	GlobalSection(SolutionConfigurationPlatforms) = preSolution
		Debug|Mixed Platforms = Debug|Mixed Platforms
		Debug|x64 = Debug|x64
		Release|Mixed Platforms = Release|Mixed Platforms
		Release|x64 = Release|x64
	EndGlobalSection
	GlobalSection(ProjectConfigurationPlatforms) = postSolution
		{8687182A-2A38-4161-BF43-302D3407C512}.Debug|Mixed Platforms.ActiveCfg = Debug|Win32
		{8687182A-2A38-4161-BF43-302D3407C512}.Debug|Mixed Platforms.Build.0 = Debug|Win32
		{8687182A-2A38-4161-BF43-302D3407C512}.Debug|x64.ActiveCfg = Debug|x64
		{8687182A-2A38-4161-BF43-302D3407C512}.Debug|x64.Build.0 = Debug|x64
		{8687182A-2A38-4161-BF43-302D3407C512}.Release|Mixed Platforms.ActiveCfg = Release|Win32
		{8687182A-2A38-4161-BF43-302D3407C512}.Release|Mixed Platforms.Build.0 = Release|Win32
		{8687182A-2A38-4161-BF43-302D3407C512}.Release|x64.ActiveCfg = Release|x64
		{8687182A-2A38-4161-BF43-302D3407C512}.Release|x64.Build.0 = Release|x64
		{1BB748F9-A024-405E-8286-A2D2F85953F2}.Debug|Mixed Platforms.ActiveCfg = Debug|Win32
		{1BB748F9-A024-405E-8286-A2D2F85953F2}.Debug|Mixed Platforms.Build.0 = Debug|Win32
		{1BB748F9-A024-405E-8286-A2D2F85953F2}.Debug|x64.ActiveCfg = Debug|x64
		{1BB748F9-A024-405E-8286-A2D2F85953F2}.Debug|x64.Build.0 = Debug|x64
		{1BB748F9-A024-405E-8286-A2D2F85953F2}.Release|Mixed Platforms.ActiveCfg = Release|Win32
		{1BB748F9-A024-405E-8286-A2D2F85953F2}.Release|Mixed Platforms.Build.0 = Release|Win32
		{1BB748F9-A024-405E-8286-A2D2F85953F2}.Release|x64.ActiveCfg = Release|x64
		{1BB748F9-A024-405E-8286-A2D2F85953F2}.Release|x64.Build.0 = Release|x64
		{24FD17EE-ECC8-4ABC-8F5F-0D29D10ABA5C}.Debug|Mixed Platforms.ActiveCfg = Debug|Win32
		{24FD17EE-ECC8-4ABC-8F5F-0D29D10ABA5C}.Debug|Mixed Platforms.Build.0 = Debug|Win32
		{24FD17EE-ECC8-4ABC-8F5F-0D29D10ABA5C}.Debug|x64.ActiveCfg = Debug|x64
		{24FD17EE-ECC8-4ABC-8F5F-0D29D10ABA5C}.Debug|x64.Build.0 = Debug|x64
		{24FD17EE-ECC8-4ABC-8F5F-0D29D10ABA5C}.Release|Mixed Platforms.ActiveCfg = Release|Win32
		{24FD17EE-ECC8-4ABC-8F5F-0D29D10ABA5C}.Release|Mixed Platforms.Build.0 = Release|Win32
		{24FD17EE-ECC8-4ABC-8F5F-0D29D10ABA5C}.Release|x64.ActiveCfg = Release|x64
		{24FD17EE-ECC8-4ABC-8F5F-0D29D10ABA5C}.Release|x64.Build.0 = Release|x64
		{C1B5C97E-4EF4-4797-BCE6-FFB430504B84}.Debug|Mixed Platforms.ActiveCfg = Debug|Win32
		{C1B5C97E-4EF4-4797-BCE6-FFB430504B84}.Debug|Mixed Platforms.Build.0 = Debug|Win32
		{C1B5C97E-4EF4-4797-BCE6-FFB430504B84}.Debug|x64.ActiveCfg = Debug|x64
		{C1B5C97E-4EF4-4797-BCE6-FFB430504B84}.Debug|x64.Build.0 = Debug|x64
		{C1B5C97E-4EF4-4797-BCE6-FFB430504B84}.Release|Mixed Platforms.ActiveCfg = Release|Win32
		{C1B5C97E-4EF4-4797-BCE6-FFB430504B84}.Release|Mixed Platforms.Build.0 = Release|Win32
		{C1B5C97E-4EF4-4797-BCE6-FFB430504B84}.Release|x64.ActiveCfg = Release|x64
		{C1B5C97E-4EF4-4797-BCE6-FFB430504B84}.Release|x64.Build.0 = Release|x64
		{4728390F-4F60-4904-B088-C8385524BB02}.Debug|Mixed Platforms.ActiveCfg = Debug|Win32
		{4728390F-4F60-4904-B088-C8385524BB02}.Debug|Mixed Platforms.Build.0 = Debug|Win32
		{4728390F-4F60-4904-B088-C8385524BB02}.Debug|x64.ActiveCfg = Debug|x64
		{4728390F-4F60-4904-B088-C8385524BB02}.Debug|x64.Build.0 = Debug|x64
		{4728390F-4F60-4904-B088-C8385524BB02}.Release|Mixed Platforms.ActiveCfg = Release|Win32
		{4728390F-4F60-4904-B088-C8385524BB02}.Release|Mixed Platforms.Build.0 = Release|Win32
		{4728390F-4F60-4904-B088-C8385524BB02}.Release|x64.ActiveCfg = Release|x64
		{4728390F-4F60-4904-B088-C8385524BB02}.Release|x64.Build.0 = Release|x64
	EndGlobalSection
	GlobalSection(SolutionProperties) = preSolution
		HideSolutionNode = FALSE
	EndGlobalSection
EndGlobal
